
Microsoft Visual Studio Solution File, Format Version 12.00
# Visual Studio Version 17
VisualStudioVersion = 17.14.36518.9 d17.14
MinimumVisualStudioVersion = 10.0.40219.1
Project("{FAE04EC0-301F-11D3-BF4B-00C04F79EFBC}") = "TrabGrupo2_M17C_LetíciaEJhon", "TrabGrupo2_M17C_LetíciaEJhon\TrabGrupo2_M17C_LetíciaEJhon.csproj", "{881D94A6-07C2-42D9-97C0-790ED18D91D3}"
EndProject
Global
	GlobalSection(SolutionConfigurationPlatforms) = preSolution
		Debug|Any CPU = Debug|Any CPU
		Release|Any CPU = Release|Any CPU
	EndGlobalSection
	GlobalSection(ProjectConfigurationPlatforms) = postSolution
		{881D94A6-07C2-42D9-97C0-790ED18D91D3}.Debug|Any CPU.ActiveCfg = Debug|Any CPU
		{881D94A6-07C2-42D9-97C0-790ED18D91D3}.Debug|Any CPU.Build.0 = Debug|Any CPU
		{881D94A6-07C2-42D9-97C0-790ED18D91D3}.Release|Any CPU.ActiveCfg = Release|Any CPU
		{881D94A6-07C2-42D9-97C0-790ED18D91D3}.Release|Any CPU.Build.0 = Release|Any CPU
	EndGlobalSection
	GlobalSection(SolutionProperties) = preSolution
		HideSolutionNode = FALSE
	EndGlobalSection
	GlobalSection(ExtensibilityGlobals) = postSolution
		SolutionGuid = {41B79D97-9E00-4004-81DB-41EC2EDD345C}
	EndGlobalSection
EndGlobal
